// !$*UTF8*$!
{
	archiveVersion = 1;
	classes = {
	};
	objectVersion = 46;
	objects = {

/* Begin PBXBuildFile section */
		7231DA1D1E2118E10067DB86 /* AppDelegate.swift in Sources */ = {isa = PBXBuildFile; fileRef = 7231DA141E2118E10067DB86 /* AppDelegate.swift */; };
		7231DA1E1E2118E10067DB86 /* WindowController.swift in Sources */ = {isa = PBXBuildFile; fileRef = 7231DA151E2118E10067DB86 /* WindowController.swift */; };
		7231DA201E2118E10067DB86 /* Localize.swift in Sources */ = {isa = PBXBuildFile; fileRef = 7231DA1A1E2118E10067DB86 /* Localize.swift */; };
		7231DA211E2118E10067DB86 /* Make.swift in Sources */ = {isa = PBXBuildFile; fileRef = 7231DA1B1E2118E10067DB86 /* Make.swift */; };
		7231DA221E2118E10067DB86 /* NSColor+Hex.swift in Sources */ = {isa = PBXBuildFile; fileRef = 7231DA1C1E2118E10067DB86 /* NSColor+Hex.swift */; };
		7231DA2A1E211DAD0067DB86 /* Array+Random.swift in Sources */ = {isa = PBXBuildFile; fileRef = 7231DA291E211DAD0067DB86 /* Array+Random.swift */; };
		7231DA2E1E2122AE0067DB86 /* AysncOperation.swift in Sources */ = {isa = PBXBuildFile; fileRef = 7231DA2D1E2122AE0067DB86 /* AysncOperation.swift */; };
		7231DA381E21627D0067DB86 /* TouchbarButton.swift in Sources */ = {isa = PBXBuildFile; fileRef = 7231DA371E21627D0067DB86 /* TouchbarButton.swift */; };
		7231DA3A1E2162850067DB86 /* TouchbarTextField.swift in Sources */ = {isa = PBXBuildFile; fileRef = 7231DA391E2162850067DB86 /* TouchbarTextField.swift */; };
		7231DA531E2169C70067DB86 /* Countdown.swift in Sources */ = {isa = PBXBuildFile; fileRef = 7231DA4B1E2169C70067DB86 /* Countdown.swift */; };
		7231DA541E2169C70067DB86 /* Enemy.swift in Sources */ = {isa = PBXBuildFile; fileRef = 7231DA4C1E2169C70067DB86 /* Enemy.swift */; };
		7231DA551E2169C70067DB86 /* EnemyButton.swift in Sources */ = {isa = PBXBuildFile; fileRef = 7231DA4D1E2169C70067DB86 /* EnemyButton.swift */; };
		7231DA561E2169C70067DB86 /* EnemySoundMaker.swift in Sources */ = {isa = PBXBuildFile; fileRef = 7231DA4E1E2169C70067DB86 /* EnemySoundMaker.swift */; };
		7231DA571E2169C70067DB86 /* HighlightEnemyOperation.swift in Sources */ = {isa = PBXBuildFile; fileRef = 7231DA4F1E2169C70067DB86 /* HighlightEnemyOperation.swift */; };
		7231DA581E2169C70067DB86 /* HighlightSequenceOperation.swift in Sources */ = {isa = PBXBuildFile; fileRef = 7231DA501E2169C70067DB86 /* HighlightSequenceOperation.swift */; };
		7231DA591E2169C70067DB86 /* MainViewController.swift in Sources */ = {isa = PBXBuildFile; fileRef = 7231DA511E2169C70067DB86 /* MainViewController.swift */; };
		7231DA5A1E2169C70067DB86 /* WaitOperation.swift in Sources */ = {isa = PBXBuildFile; fileRef = 7231DA521E2169C70067DB86 /* WaitOperation.swift */; };
		7231DA5F1E216A8F0067DB86 /* SoundEffects.swift in Sources */ = {isa = PBXBuildFile; fileRef = 7231DA5C1E216A8F0067DB86 /* SoundEffects.swift */; };
		7231DA681E216C3A0067DB86 /* enemy-blue.mp4 in Resources */ = {isa = PBXBuildFile; fileRef = 7231DA631E216C3A0067DB86 /* enemy-blue.mp4 */; };
		7231DA691E216C3A0067DB86 /* enemy-green.mp4 in Resources */ = {isa = PBXBuildFile; fileRef = 7231DA641E216C3A0067DB86 /* enemy-green.mp4 */; };
		7231DA6A1E216C3A0067DB86 /* enemy-orange.mp4 in Resources */ = {isa = PBXBuildFile; fileRef = 7231DA651E216C3A0067DB86 /* enemy-orange.mp4 */; };
		7231DA6B1E216C3A0067DB86 /* enemy-red.mp4 in Resources */ = {isa = PBXBuildFile; fileRef = 7231DA661E216C3A0067DB86 /* enemy-red.mp4 */; };
		7231DA6C1E216C3A0067DB86 /* enemy-yellow.mp4 in Resources */ = {isa = PBXBuildFile; fileRef = 7231DA671E216C3A0067DB86 /* enemy-yellow.mp4 */; };
		7231DA701E216DA50067DB86 /* SystemSoundHelper.m in Sources */ = {isa = PBXBuildFile; fileRef = 7231DA6F1E216DA50067DB86 /* SystemSoundHelper.m */; };
		72D63F831E1EC8C00020CB5C /* Assets.xcassets in Resources */ = {isa = PBXBuildFile; fileRef = 72D63F821E1EC8C00020CB5C /* Assets.xcassets */; };
		72D63F861E1EC8C00020CB5C /* Main.storyboard in Resources */ = {isa = PBXBuildFile; fileRef = 72D63F841E1EC8C00020CB5C /* Main.storyboard */; };
		72D63F9B1E1ED7450020CB5C /* Localizable.strings in Resources */ = {isa = PBXBuildFile; fileRef = 72D63F9A1E1ED7450020CB5C /* Localizable.strings */; };
/* End PBXBuildFile section */

/* Begin PBXFileReference section */
		7231DA141E2118E10067DB86 /* AppDelegate.swift */ = {isa = PBXFileReference; fileEncoding = 4; lastKnownFileType = sourcecode.swift; path = AppDelegate.swift; sourceTree = "<group>"; };
		7231DA151E2118E10067DB86 /* WindowController.swift */ = {isa = PBXFileReference; fileEncoding = 4; lastKnownFileType = sourcecode.swift; path = WindowController.swift; sourceTree = "<group>"; };
		7231DA1A1E2118E10067DB86 /* Localize.swift */ = {isa = PBXFileReference; fileEncoding = 4; lastKnownFileType = sourcecode.swift; path = Localize.swift; sourceTree = "<group>"; };
		7231DA1B1E2118E10067DB86 /* Make.swift */ = {isa = PBXFileReference; fileEncoding = 4; lastKnownFileType = sourcecode.swift; path = Make.swift; sourceTree = "<group>"; };
		7231DA1C1E2118E10067DB86 /* NSColor+Hex.swift */ = {isa = PBXFileReference; fileEncoding = 4; lastKnownFileType = sourcecode.swift; path = "NSColor+Hex.swift"; sourceTree = "<group>"; };
		7231DA291E211DAD0067DB86 /* Array+Random.swift */ = {isa = PBXFileReference; fileEncoding = 4; lastKnownFileType = sourcecode.swift; path = "Array+Random.swift"; sourceTree = "<group>"; };
		7231DA2D1E2122AE0067DB86 /* AysncOperation.swift */ = {isa = PBXFileReference; fileEncoding = 4; lastKnownFileType = sourcecode.swift; path = AysncOperation.swift; sourceTree = "<group>"; };
		7231DA371E21627D0067DB86 /* TouchbarButton.swift */ = {isa = PBXFileReference; fileEncoding = 4; lastKnownFileType = sourcecode.swift; path = TouchbarButton.swift; sourceTree = "<group>"; };
		7231DA391E2162850067DB86 /* TouchbarTextField.swift */ = {isa = PBXFileReference; fileEncoding = 4; lastKnownFileType = sourcecode.swift; path = TouchbarTextField.swift; sourceTree = "<group>"; };
		7231DA4B1E2169C70067DB86 /* Countdown.swift */ = {isa = PBXFileReference; fileEncoding = 4; lastKnownFileType = sourcecode.swift; path = Countdown.swift; sourceTree = "<group>"; };
		7231DA4C1E2169C70067DB86 /* Enemy.swift */ = {isa = PBXFileReference; fileEncoding = 4; lastKnownFileType = sourcecode.swift; path = Enemy.swift; sourceTree = "<group>"; };
		7231DA4D1E2169C70067DB86 /* EnemyButton.swift */ = {isa = PBXFileReference; fileEncoding = 4; lastKnownFileType = sourcecode.swift; path = EnemyButton.swift; sourceTree = "<group>"; };
		7231DA4E1E2169C70067DB86 /* EnemySoundMaker.swift */ = {isa = PBXFileReference; fileEncoding = 4; lastKnownFileType = sourcecode.swift; path = EnemySoundMaker.swift; sourceTree = "<group>"; };
		7231DA4F1E2169C70067DB86 /* HighlightEnemyOperation.swift */ = {isa = PBXFileReference; fileEncoding = 4; lastKnownFileType = sourcecode.swift; path = HighlightEnemyOperation.swift; sourceTree = "<group>"; };
		7231DA501E2169C70067DB86 /* HighlightSequenceOperation.swift */ = {isa = PBXFileReference; fileEncoding = 4; lastKnownFileType = sourcecode.swift; path = HighlightSequenceOperation.swift; sourceTree = "<group>"; };
		7231DA511E2169C70067DB86 /* MainViewController.swift */ = {isa = PBXFileReference; fileEncoding = 4; lastKnownFileType = sourcecode.swift; path = MainViewController.swift; sourceTree = "<group>"; };
		7231DA521E2169C70067DB86 /* WaitOperation.swift */ = {isa = PBXFileReference; fileEncoding = 4; lastKnownFileType = sourcecode.swift; path = WaitOperation.swift; sourceTree = "<group>"; };
		7231DA5C1E216A8F0067DB86 /* SoundEffects.swift */ = {isa = PBXFileReference; fileEncoding = 4; lastKnownFileType = sourcecode.swift; path = SoundEffects.swift; sourceTree = "<group>"; };
		7231DA631E216C3A0067DB86 /* enemy-blue.mp4 */ = {isa = PBXFileReference; lastKnownFileType = file; path = "enemy-blue.mp4"; sourceTree = "<group>"; };
		7231DA641E216C3A0067DB86 /* enemy-green.mp4 */ = {isa = PBXFileReference; lastKnownFileType = file; path = "enemy-green.mp4"; sourceTree = "<group>"; };
		7231DA651E216C3A0067DB86 /* enemy-orange.mp4 */ = {isa = PBXFileReference; lastKnownFileType = file; path = "enemy-orange.mp4"; sourceTree = "<group>"; };
		7231DA661E216C3A0067DB86 /* enemy-red.mp4 */ = {isa = PBXFileReference; lastKnownFileType = file; path = "enemy-red.mp4"; sourceTree = "<group>"; };
		7231DA671E216C3A0067DB86 /* enemy-yellow.mp4 */ = {isa = PBXFileReference; lastKnownFileType = file; path = "enemy-yellow.mp4"; sourceTree = "<group>"; };
		7231DA6E1E216DA50067DB86 /* SystemSoundHelper.h */ = {isa = PBXFileReference; fileEncoding = 4; lastKnownFileType = sourcecode.c.h; path = SystemSoundHelper.h; sourceTree = "<group>"; };
		7231DA6F1E216DA50067DB86 /* SystemSoundHelper.m */ = {isa = PBXFileReference; fileEncoding = 4; lastKnownFileType = sourcecode.c.objc; path = SystemSoundHelper.m; sourceTree = "<group>"; };
		7231DA711E216DAC0067DB86 /* BridgingHeader.h */ = {isa = PBXFileReference; fileEncoding = 4; lastKnownFileType = sourcecode.c.h; name = BridgingHeader.h; path = Source/BridgingHeader.h; sourceTree = "<group>"; };
		72D63F7B1E1EC8C00020CB5C /* SimonSays.app */ = {isa = PBXFileReference; explicitFileType = wrapper.application; includeInIndex = 0; path = SimonSays.app; sourceTree = BUILT_PRODUCTS_DIR; };
		72D63F821E1EC8C00020CB5C /* Assets.xcassets */ = {isa = PBXFileReference; lastKnownFileType = folder.assetcatalog; path = Assets.xcassets; sourceTree = "<group>"; };
		72D63F851E1EC8C00020CB5C /* Base */ = {isa = PBXFileReference; lastKnownFileType = file.storyboard; name = Base; path = Base.lproj/Main.storyboard; sourceTree = "<group>"; };
		72D63F871E1EC8C00020CB5C /* Info.plist */ = {isa = PBXFileReference; lastKnownFileType = text.plist.xml; path = Info.plist; sourceTree = "<group>"; };
		72D63F9A1E1ED7450020CB5C /* Localizable.strings */ = {isa = PBXFileReference; fileEncoding = 4; lastKnownFileType = text.plist.strings; path = Localizable.strings; sourceTree = "<group>"; };
/* End PBXFileReference section */

/* Begin PBXFrameworksBuildPhase section */
		72D63F781E1EC8C00020CB5C /* Frameworks */ = {
			isa = PBXFrameworksBuildPhase;
			buildActionMask = 2147483647;
			files = (
			);
			runOnlyForDeploymentPostprocessing = 0;
		};
/* End PBXFrameworksBuildPhase section */

/* Begin PBXGroup section */
		7231DA131E2118E10067DB86 /* Application */ = {
			isa = PBXGroup;
			children = (
				7231DA141E2118E10067DB86 /* AppDelegate.swift */,
				7231DA151E2118E10067DB86 /* WindowController.swift */,
			);
			path = Application;
			sourceTree = "<group>";
		};
		7231DA191E2118E10067DB86 /* Utilities */ = {
			isa = PBXGroup;
			children = (
				7231DA6E1E216DA50067DB86 /* SystemSoundHelper.h */,
				7231DA6F1E216DA50067DB86 /* SystemSoundHelper.m */,
				7231DA1A1E2118E10067DB86 /* Localize.swift */,
				7231DA1B1E2118E10067DB86 /* Make.swift */,
				7231DA1C1E2118E10067DB86 /* NSColor+Hex.swift */,
				7231DA291E211DAD0067DB86 /* Array+Random.swift */,
				7231DA2D1E2122AE0067DB86 /* AysncOperation.swift */,
				7231DA371E21627D0067DB86 /* TouchbarButton.swift */,
				7231DA391E2162850067DB86 /* TouchbarTextField.swift */,
			);
			path = Utilities;
			sourceTree = "<group>";
		};
		7231DA3D1E2166830067DB86 /* Sounds */ = {
			isa = PBXGroup;
			children = (
				7231DA631E216C3A0067DB86 /* enemy-blue.mp4 */,
				7231DA641E216C3A0067DB86 /* enemy-green.mp4 */,
				7231DA651E216C3A0067DB86 /* enemy-orange.mp4 */,
				7231DA661E216C3A0067DB86 /* enemy-red.mp4 */,
				7231DA671E216C3A0067DB86 /* enemy-yellow.mp4 */,
			);
			path = Sounds;
			sourceTree = "<group>";
		};
		7231DA4A1E2169C70067DB86 /* Game */ = {
			isa = PBXGroup;
			children = (
				7231DA5C1E216A8F0067DB86 /* SoundEffects.swift */,
				7231DA4B1E2169C70067DB86 /* Countdown.swift */,
				7231DA4C1E2169C70067DB86 /* Enemy.swift */,
				7231DA4D1E2169C70067DB86 /* EnemyButton.swift */,
				7231DA4E1E2169C70067DB86 /* EnemySoundMaker.swift */,
				7231DA521E2169C70067DB86 /* WaitOperation.swift */,
				7231DA4F1E2169C70067DB86 /* HighlightEnemyOperation.swift */,
				7231DA501E2169C70067DB86 /* HighlightSequenceOperation.swift */,
				7231DA511E2169C70067DB86 /* MainViewController.swift */,
			);
			path = Game;
			sourceTree = "<group>";
		};
		72D63F721E1EC8C00020CB5C = {
			isa = PBXGroup;
			children = (
				72D63F7D1E1EC8C00020CB5C /* SimonSays */,
				72D63F7C1E1EC8C00020CB5C /* Products */,
			);
			sourceTree = "<group>";
		};
		72D63F7C1E1EC8C00020CB5C /* Products */ = {
			isa = PBXGroup;
			children = (
				72D63F7B1E1EC8C00020CB5C /* SimonSays.app */,
			);
			name = Products;
			sourceTree = "<group>";
		};
		72D63F7D1E1EC8C00020CB5C /* SimonSays */ = {
			isa = PBXGroup;
			children = (
				72D63F821E1EC8C00020CB5C /* Assets.xcassets */,
				7231DA3D1E2166830067DB86 /* Sounds */,
				72D63F8D1E1EC8D30020CB5C /* User interface */,
				72D63F8F1E1EC8FC0020CB5C /* Source */,
				72D63F8E1E1EC8DA0020CB5C /* Supporting files */,
			);
			path = SimonSays;
			sourceTree = "<group>";
		};
		72D63F8D1E1EC8D30020CB5C /* User interface */ = {
			isa = PBXGroup;
			children = (
				72D63F841E1EC8C00020CB5C /* Main.storyboard */,
			);
			name = "User interface";
			sourceTree = "<group>";
		};
		72D63F8E1E1EC8DA0020CB5C /* Supporting files */ = {
			isa = PBXGroup;
			children = (
				7231DA711E216DAC0067DB86 /* BridgingHeader.h */,
				72D63F871E1EC8C00020CB5C /* Info.plist */,
				72D63F9A1E1ED7450020CB5C /* Localizable.strings */,
			);
			name = "Supporting files";
			sourceTree = "<group>";
		};
		72D63F8F1E1EC8FC0020CB5C /* Source */ = {
			isa = PBXGroup;
			children = (
				7231DA131E2118E10067DB86 /* Application */,
				7231DA4A1E2169C70067DB86 /* Game */,
				7231DA191E2118E10067DB86 /* Utilities */,
			);
			path = Source;
			sourceTree = "<group>";
		};
/* End PBXGroup section */

/* Begin PBXNativeTarget section */
		72D63F7A1E1EC8C00020CB5C /* SimonSays */ = {
			isa = PBXNativeTarget;
			buildConfigurationList = 72D63F8A1E1EC8C00020CB5C /* Build configuration list for PBXNativeTarget "SimonSays" */;
			buildPhases = (
				72D63F771E1EC8C00020CB5C /* Sources */,
				72D63F781E1EC8C00020CB5C /* Frameworks */,
				72D63F791E1EC8C00020CB5C /* Resources */,
			);
			buildRules = (
			);
			dependencies = (
			);
			name = SimonSays;
			productName = SimonSays;
			productReference = 72D63F7B1E1EC8C00020CB5C /* SimonSays.app */;
			productType = "com.apple.product-type.application";
		};
/* End PBXNativeTarget section */

/* Begin PBXProject section */
		72D63F731E1EC8C00020CB5C /* Project object */ = {
			isa = PBXProject;
			attributes = {
				LastSwiftUpdateCheck = 0820;
				LastUpgradeCheck = 0820;
				ORGANIZATIONNAME = "Simon Støvring";
				TargetAttributes = {
					72D63F7A1E1EC8C00020CB5C = {
						CreatedOnToolsVersion = 8.2.1;
						LastSwiftMigration = 0820;
						ProvisioningStyle = Automatic;
					};
				};
			};
			buildConfigurationList = 72D63F761E1EC8C00020CB5C /* Build configuration list for PBXProject "SimonSays" */;
			compatibilityVersion = "Xcode 3.2";
			developmentRegion = English;
			hasScannedForEncodings = 0;
			knownRegions = (
				en,
				Base,
			);
			mainGroup = 72D63F721E1EC8C00020CB5C;
			productRefGroup = 72D63F7C1E1EC8C00020CB5C /* Products */;
			projectDirPath = "";
			projectRoot = "";
			targets = (
				72D63F7A1E1EC8C00020CB5C /* SimonSays */,
			);
		};
/* End PBXProject section */

/* Begin PBXResourcesBuildPhase section */
		72D63F791E1EC8C00020CB5C /* Resources */ = {
			isa = PBXResourcesBuildPhase;
			buildActionMask = 2147483647;
			files = (
				7231DA6A1E216C3A0067DB86 /* enemy-orange.mp4 in Resources */,
				7231DA681E216C3A0067DB86 /* enemy-blue.mp4 in Resources */,
				7231DA691E216C3A0067DB86 /* enemy-green.mp4 in Resources */,
				72D63F831E1EC8C00020CB5C /* Assets.xcassets in Resources */,
				72D63F9B1E1ED7450020CB5C /* Localizable.strings in Resources */,
				7231DA6B1E216C3A0067DB86 /* enemy-red.mp4 in Resources */,
				7231DA6C1E216C3A0067DB86 /* enemy-yellow.mp4 in Resources */,
				72D63F861E1EC8C00020CB5C /* Main.storyboard in Resources */,
			);
			runOnlyForDeploymentPostprocessing = 0;
		};
/* End PBXResourcesBuildPhase section */

/* Begin PBXSourcesBuildPhase section */
		72D63F771E1EC8C00020CB5C /* Sources */ = {
			isa = PBXSourcesBuildPhase;
			buildActionMask = 2147483647;
			files = (
				7231DA381E21627D0067DB86 /* TouchbarButton.swift in Sources */,
				7231DA2E1E2122AE0067DB86 /* AysncOperation.swift in Sources */,
				7231DA211E2118E10067DB86 /* Make.swift in Sources */,
				7231DA5A1E2169C70067DB86 /* WaitOperation.swift in Sources */,
				7231DA541E2169C70067DB86 /* Enemy.swift in Sources */,
				7231DA581E2169C70067DB86 /* HighlightSequenceOperation.swift in Sources */,
				7231DA201E2118E10067DB86 /* Localize.swift in Sources */,
				7231DA221E2118E10067DB86 /* NSColor+Hex.swift in Sources */,
				7231DA5F1E216A8F0067DB86 /* SoundEffects.swift in Sources */,
				7231DA591E2169C70067DB86 /* MainViewController.swift in Sources */,
				7231DA551E2169C70067DB86 /* EnemyButton.swift in Sources */,
				7231DA701E216DA50067DB86 /* SystemSoundHelper.m in Sources */,
				7231DA561E2169C70067DB86 /* EnemySoundMaker.swift in Sources */,
				7231DA1D1E2118E10067DB86 /* AppDelegate.swift in Sources */,
				7231DA3A1E2162850067DB86 /* TouchbarTextField.swift in Sources */,
				7231DA1E1E2118E10067DB86 /* WindowController.swift in Sources */,
				7231DA571E2169C70067DB86 /* HighlightEnemyOperation.swift in Sources */,
				7231DA2A1E211DAD0067DB86 /* Array+Random.swift in Sources */,
				7231DA531E2169C70067DB86 /* Countdown.swift in Sources */,
			);
			runOnlyForDeploymentPostprocessing = 0;
		};
/* End PBXSourcesBuildPhase section */

/* Begin PBXVariantGroup section */
		72D63F841E1EC8C00020CB5C /* Main.storyboard */ = {
			isa = PBXVariantGroup;
			children = (
				72D63F851E1EC8C00020CB5C /* Base */,
			);
			name = Main.storyboard;
			sourceTree = "<group>";
		};
/* End PBXVariantGroup section */

/* Begin XCBuildConfiguration section */
		72D63F881E1EC8C00020CB5C /* Debug */ = {
			isa = XCBuildConfiguration;
			buildSettings = {
				ALWAYS_SEARCH_USER_PATHS = NO;
				CLANG_ANALYZER_NONNULL = YES;
				CLANG_CXX_LANGUAGE_STANDARD = "gnu++0x";
				CLANG_CXX_LIBRARY = "libc++";
				CLANG_ENABLE_MODULES = YES;
				CLANG_ENABLE_OBJC_ARC = YES;
				CLANG_WARN_BOOL_CONVERSION = YES;
				CLANG_WARN_CONSTANT_CONVERSION = YES;
				CLANG_WARN_DIRECT_OBJC_ISA_USAGE = YES_ERROR;
				CLANG_WARN_DOCUMENTATION_COMMENTS = YES;
				CLANG_WARN_EMPTY_BODY = YES;
				CLANG_WARN_ENUM_CONVERSION = YES;
				CLANG_WARN_INFINITE_RECURSION = YES;
				CLANG_WARN_INT_CONVERSION = YES;
				CLANG_WARN_OBJC_ROOT_CLASS = YES_ERROR;
				CLANG_WARN_SUSPICIOUS_MOVE = YES;
				CLANG_WARN_UNREACHABLE_CODE = YES;
				CLANG_WARN__DUPLICATE_METHOD_MATCH = YES;
				CODE_SIGN_IDENTITY = "-";
				COPY_PHASE_STRIP = NO;
				DEBUG_INFORMATION_FORMAT = dwarf;
				ENABLE_STRICT_OBJC_MSGSEND = YES;
				ENABLE_TESTABILITY = YES;
				GCC_C_LANGUAGE_STANDARD = gnu99;
				GCC_DYNAMIC_NO_PIC = NO;
				GCC_NO_COMMON_BLOCKS = YES;
				GCC_OPTIMIZATION_LEVEL = 0;
				GCC_PREPROCESSOR_DEFINITIONS = (
					"DEBUG=1",
					"$(inherited)",
				);
				GCC_WARN_64_TO_32_BIT_CONVERSION = YES;
				GCC_WARN_ABOUT_RETURN_TYPE = YES_ERROR;
				GCC_WARN_UNDECLARED_SELECTOR = YES;
				GCC_WARN_UNINITIALIZED_AUTOS = YES_AGGRESSIVE;
				GCC_WARN_UNUSED_FUNCTION = YES;
				GCC_WARN_UNUSED_VARIABLE = YES;
				MACOSX_DEPLOYMENT_TARGET = 10.12;
				MTL_ENABLE_DEBUG_INFO = YES;
				ONLY_ACTIVE_ARCH = YES;
				SDKROOT = macosx;
				SWIFT_ACTIVE_COMPILATION_CONDITIONS = DEBUG;
				SWIFT_OPTIMIZATION_LEVEL = "-Onone";
			};
			name = Debug;
		};
		72D63F891E1EC8C00020CB5C /* Release */ = {
			isa = XCBuildConfiguration;
			buildSettings = {
				ALWAYS_SEARCH_USER_PATHS = NO;
				CLANG_ANALYZER_NONNULL = YES;
				CLANG_CXX_LANGUAGE_STANDARD = "gnu++0x";
				CLANG_CXX_LIBRARY = "libc++";
				CLANG_ENABLE_MODULES = YES;
				CLANG_ENABLE_OBJC_ARC = YES;
				CLANG_WARN_BOOL_CONVERSION = YES;
				CLANG_WARN_CONSTANT_CONVERSION = YES;
				CLANG_WARN_DIRECT_OBJC_ISA_USAGE = YES_ERROR;
				CLANG_WARN_DOCUMENTATION_COMMENTS = YES;
				CLANG_WARN_EMPTY_BODY = YES;
				CLANG_WARN_ENUM_CONVERSION = YES;
				CLANG_WARN_INFINITE_RECURSION = YES;
				CLANG_WARN_INT_CONVERSION = YES;
				CLANG_WARN_OBJC_ROOT_CLASS = YES_ERROR;
				CLANG_WARN_SUSPICIOUS_MOVE = YES;
				CLANG_WARN_UNREACHABLE_CODE = YES;
				CLANG_WARN__DUPLICATE_METHOD_MATCH = YES;
				CODE_SIGN_IDENTITY = "-";
				COPY_PHASE_STRIP = NO;
				DEBUG_INFORMATION_FORMAT = "dwarf-with-dsym";
				ENABLE_NS_ASSERTIONS = NO;
				ENABLE_STRICT_OBJC_MSGSEND = YES;
				GCC_C_LANGUAGE_STANDARD = gnu99;
				GCC_NO_COMMON_BLOCKS = YES;
				GCC_WARN_64_TO_32_BIT_CONVERSION = YES;
				GCC_WARN_ABOUT_RETURN_TYPE = YES_ERROR;
				GCC_WARN_UNDECLARED_SELECTOR = YES;
				GCC_WARN_UNINITIALIZED_AUTOS = YES_AGGRESSIVE;
				GCC_WARN_UNUSED_FUNCTION = YES;
				GCC_WARN_UNUSED_VARIABLE = YES;
				MACOSX_DEPLOYMENT_TARGET = 10.12;
				MTL_ENABLE_DEBUG_INFO = NO;
				SDKROOT = macosx;
				SWIFT_OPTIMIZATION_LEVEL = "-Owholemodule";
			};
			name = Release;
		};
		72D63F8B1E1EC8C00020CB5C /* Debug */ = {
			isa = XCBuildConfiguration;
			buildSettings = {
				ASSETCATALOG_COMPILER_APPICON_NAME = AppIcon;
				CLANG_ENABLE_MODULES = YES;
				COMBINE_HIDPI_IMAGES = YES;
				INFOPLIST_FILE = SimonSays/Info.plist;
				LD_RUNPATH_SEARCH_PATHS = "$(inherited) @executable_path/../Frameworks";
				MACOSX_DEPLOYMENT_TARGET = 10.12;
				PRODUCT_BUNDLE_IDENTIFIER = dk.simonbs.SimonSays;
				PRODUCT_NAME = "$(TARGET_NAME)";
				SWIFT_OBJC_BRIDGING_HEADER = SimonSays/Source/BridgingHeader.h;
				SWIFT_OPTIMIZATION_LEVEL = "-Onone";
				SWIFT_VERSION = 3.0;
			};
			name = Debug;
		};
		72D63F8C1E1EC8C00020CB5C /* Release */ = {
			isa = XCBuildConfiguration;
			buildSettings = {
				ASSETCATALOG_COMPILER_APPICON_NAME = AppIcon;
				CLANG_ENABLE_MODULES = YES;
				COMBINE_HIDPI_IMAGES = YES;
				INFOPLIST_FILE = SimonSays/Info.plist;
				LD_RUNPATH_SEARCH_PATHS = "$(inherited) @executable_path/../Frameworks";
				MACOSX_DEPLOYMENT_TARGET = 10.12;
				PRODUCT_BUNDLE_IDENTIFIER = dk.simonbs.SimonSays;
				PRODUCT_NAME = "$(TARGET_NAME)";
				SWIFT_OBJC_BRIDGING_HEADER = SimonSays/Source/BridgingHeader.h;
				SWIFT_VERSION = 3.0;
			};
			name = Release;
		};
/* End XCBuildConfiguration section */

/* Begin XCConfigurationList section */
		72D63F761E1EC8C00020CB5C /* Build configuration list for PBXProject "SimonSays" */ = {
			isa = XCConfigurationList;
			buildConfigurations = (
				72D63F881E1EC8C00020CB5C /* Debug */,
				72D63F891E1EC8C00020CB5C /* Release */,
			);
			defaultConfigurationIsVisible = 0;
			defaultConfigurationName = Release;
		};
		72D63F8A1E1EC8C00020CB5C /* Build configuration list for PBXNativeTarget "SimonSays" */ = {
			isa = XCConfigurationList;
			buildConfigurations = (
				72D63F8B1E1EC8C00020CB5C /* Debug */,
				72D63F8C1E1EC8C00020CB5C /* Release */,
			);
			defaultConfigurationIsVisible = 0;
			defaultConfigurationName = Release;
		};
/* End XCConfigurationList section */
	};
	rootObject = 72D63F731E1EC8C00020CB5C /* Project object */;
}
